// !$*UTF8*$!
{
	archiveVersion = 1;
	classes = {
	};
	objectVersion = 46;
	objects = {

/* Begin PBXBuildFile section */
		A4B5ACA01F6A52CE00115700 /* HomeProtocol.swift in Sources */ = {isa = PBXBuildFile; fileRef = A4B5AC9F1F6A52CE00115700 /* HomeProtocol.swift */; };
		A4B5ACA21F6A538100115700 /* HomeViewProtocol.swift in Sources */ = {isa = PBXBuildFile; fileRef = A4B5ACA11F6A538100115700 /* HomeViewProtocol.swift */; };
		A4B5ACA41F6A56E200115700 /* StationsListViewController.swift in Sources */ = {isa = PBXBuildFile; fileRef = A4B5ACA31F6A56E200115700 /* StationsListViewController.swift */; };
		A4B5ACA61F6A5C1300115700 /* Station.swift in Sources */ = {isa = PBXBuildFile; fileRef = A4B5ACA51F6A5C1300115700 /* Station.swift */; };
		A4B5ACA81F6A5D8000115700 /* StationProtocol.swift in Sources */ = {isa = PBXBuildFile; fileRef = A4B5ACA71F6A5D8000115700 /* StationProtocol.swift */; };
		A4B5ACAA1F6A5F3E00115700 /* DataManager.swift in Sources */ = {isa = PBXBuildFile; fileRef = A4B5ACA91F6A5F3E00115700 /* DataManager.swift */; };
		A4B5ACAD1F6A825400115700 /* StationListViewModel.swift in Sources */ = {isa = PBXBuildFile; fileRef = A4B5ACAC1F6A825400115700 /* StationListViewModel.swift */; };
		A4B5ACAF1F6A835600115700 /* StationsListViewProtocol.swift in Sources */ = {isa = PBXBuildFile; fileRef = A4B5ACAE1F6A835600115700 /* StationsListViewProtocol.swift */; };
		A4B5ACB41F6B8D3300115700 /* Localizable.strings in Resources */ = {isa = PBXBuildFile; fileRef = A4B5ACB61F6B8D3300115700 /* Localizable.strings */; };
		A4B5ACBA1F6BA06100115700 /* String.swift in Sources */ = {isa = PBXBuildFile; fileRef = A4B5ACB91F6BA06100115700 /* String.swift */; };
		A4FE49AC1F69288B0021E96E /* AppDelegate.swift in Sources */ = {isa = PBXBuildFile; fileRef = A4FE49AB1F69288B0021E96E /* AppDelegate.swift */; };
		A4FE49AE1F69288B0021E96E /* ViewController.swift in Sources */ = {isa = PBXBuildFile; fileRef = A4FE49AD1F69288B0021E96E /* ViewController.swift */; };
		A4FE49B31F69288B0021E96E /* Assets.xcassets in Resources */ = {isa = PBXBuildFile; fileRef = A4FE49B21F69288B0021E96E /* Assets.xcassets */; };
		A4FE49B61F69288B0021E96E /* LaunchScreen.storyboard in Resources */ = {isa = PBXBuildFile; fileRef = A4FE49B41F69288B0021E96E /* LaunchScreen.storyboard */; };
		A4FE49BE1F692ABE0021E96E /* Home.swift in Sources */ = {isa = PBXBuildFile; fileRef = A4FE49BD1F692ABE0021E96E /* Home.swift */; };
		A4FE49C01F692F540021E96E /* HomeView.swift in Sources */ = {isa = PBXBuildFile; fileRef = A4FE49BF1F692F540021E96E /* HomeView.swift */; };
		A4FE49C21F6931E00021E96E /* HomeViewModel.swift in Sources */ = {isa = PBXBuildFile; fileRef = A4FE49C11F6931E00021E96E /* HomeViewModel.swift */; };
/* End PBXBuildFile section */

/* Begin PBXFileReference section */
		A4B5AC9F1F6A52CE00115700 /* HomeProtocol.swift */ = {isa = PBXFileReference; fileEncoding = 4; lastKnownFileType = sourcecode.swift; path = HomeProtocol.swift; sourceTree = "<group>"; };
		A4B5ACA11F6A538100115700 /* HomeViewProtocol.swift */ = {isa = PBXFileReference; fileEncoding = 4; lastKnownFileType = sourcecode.swift; path = HomeViewProtocol.swift; sourceTree = "<group>"; };
		A4B5ACA31F6A56E200115700 /* StationsListViewController.swift */ = {isa = PBXFileReference; fileEncoding = 4; lastKnownFileType = sourcecode.swift; path = StationsListViewController.swift; sourceTree = "<group>"; };
		A4B5ACA51F6A5C1300115700 /* Station.swift */ = {isa = PBXFileReference; fileEncoding = 4; lastKnownFileType = sourcecode.swift; path = Station.swift; sourceTree = "<group>"; };
		A4B5ACA71F6A5D8000115700 /* StationProtocol.swift */ = {isa = PBXFileReference; fileEncoding = 4; lastKnownFileType = sourcecode.swift; path = StationProtocol.swift; sourceTree = "<group>"; };
		A4B5ACA91F6A5F3E00115700 /* DataManager.swift */ = {isa = PBXFileReference; fileEncoding = 4; lastKnownFileType = sourcecode.swift; name = DataManager.swift; path = API/DataManager.swift; sourceTree = "<group>"; };
		A4B5ACAC1F6A825400115700 /* StationListViewModel.swift */ = {isa = PBXFileReference; fileEncoding = 4; lastKnownFileType = sourcecode.swift; path = StationListViewModel.swift; sourceTree = "<group>"; };
		A4B5ACAE1F6A835600115700 /* StationsListViewProtocol.swift */ = {isa = PBXFileReference; fileEncoding = 4; lastKnownFileType = sourcecode.swift; path = StationsListViewProtocol.swift; sourceTree = "<group>"; };
		A4B5ACB01F6B8BD400115700 /* nl */ = {isa = PBXFileReference; lastKnownFileType = text.plist.strings; name = nl; path = nl.lproj/LaunchScreen.strings; sourceTree = "<group>"; };
		A4B5ACB51F6B8D3300115700 /* nl */ = {isa = PBXFileReference; lastKnownFileType = text.plist.strings; name = nl; path = nl.lproj/Localizable.strings; sourceTree = "<group>"; };
		A4B5ACB71F6B8D4100115700 /* Base */ = {isa = PBXFileReference; lastKnownFileType = text.plist.strings; name = Base; path = Base.lproj/Localizable.strings; sourceTree = "<group>"; };
		A4B5ACB91F6BA06100115700 /* String.swift */ = {isa = PBXFileReference; fileEncoding = 4; lastKnownFileType = sourcecode.swift; name = String.swift; path = Extensions/String.swift; sourceTree = "<group>"; };
		A4FE49A81F69288B0021E96E /* MVVMTraining.app */ = {isa = PBXFileReference; explicitFileType = wrapper.application; includeInIndex = 0; path = MVVMTraining.app; sourceTree = BUILT_PRODUCTS_DIR; };
		A4FE49AB1F69288B0021E96E /* AppDelegate.swift */ = {isa = PBXFileReference; lastKnownFileType = sourcecode.swift; path = AppDelegate.swift; sourceTree = "<group>"; };
		A4FE49AD1F69288B0021E96E /* ViewController.swift */ = {isa = PBXFileReference; lastKnownFileType = sourcecode.swift; path = ViewController.swift; sourceTree = "<group>"; };
		A4FE49B21F69288B0021E96E /* Assets.xcassets */ = {isa = PBXFileReference; lastKnownFileType = folder.assetcatalog; path = Assets.xcassets; sourceTree = "<group>"; };
		A4FE49B51F69288B0021E96E /* Base */ = {isa = PBXFileReference; lastKnownFileType = file.storyboard; name = Base; path = Base.lproj/LaunchScreen.storyboard; sourceTree = "<group>"; };
		A4FE49B71F69288B0021E96E /* Info.plist */ = {isa = PBXFileReference; lastKnownFileType = text.plist.xml; path = Info.plist; sourceTree = "<group>"; };
		A4FE49BD1F692ABE0021E96E /* Home.swift */ = {isa = PBXFileReference; fileEncoding = 4; lastKnownFileType = sourcecode.swift; path = Home.swift; sourceTree = "<group>"; };
		A4FE49BF1F692F540021E96E /* HomeView.swift */ = {isa = PBXFileReference; fileEncoding = 4; lastKnownFileType = sourcecode.swift; path = HomeView.swift; sourceTree = "<group>"; };
		A4FE49C11F6931E00021E96E /* HomeViewModel.swift */ = {isa = PBXFileReference; fileEncoding = 4; lastKnownFileType = sourcecode.swift; path = HomeViewModel.swift; sourceTree = "<group>"; };
/* End PBXFileReference section */

/* Begin PBXFrameworksBuildPhase section */
		A4FE49A51F69288B0021E96E /* Frameworks */ = {
			isa = PBXFrameworksBuildPhase;
			buildActionMask = 2147483647;
			files = (
			);
			runOnlyForDeploymentPostprocessing = 0;
		};
/* End PBXFrameworksBuildPhase section */

/* Begin PBXGroup section */
		A4B5AC981F6A4EAF00115700 /* ViewControllers */ = {
			isa = PBXGroup;
			children = (
				A4FE49AD1F69288B0021E96E /* ViewController.swift */,
			);
			name = ViewControllers;
			sourceTree = "<group>";
		};
		A4B5AC991F6A4EC200115700 /* Models */ = {
			isa = PBXGroup;
			children = (
				A4FE49BD1F692ABE0021E96E /* Home.swift */,
				A4B5AC9F1F6A52CE00115700 /* HomeProtocol.swift */,
				A4B5ACA51F6A5C1300115700 /* Station.swift */,
				A4B5ACA71F6A5D8000115700 /* StationProtocol.swift */,
			);
			name = Models;
			sourceTree = "<group>";
		};
		A4B5AC9A1F6A4ECD00115700 /* ViewModels */ = {
			isa = PBXGroup;
			children = (
				A4FE49C11F6931E00021E96E /* HomeViewModel.swift */,
				A4B5ACA11F6A538100115700 /* HomeViewProtocol.swift */,
			);
			name = ViewModels;
			sourceTree = "<group>";
		};
		A4B5AC9B1F6A4ED800115700 /* Views */ = {
			isa = PBXGroup;
			children = (
				A4FE49BF1F692F540021E96E /* HomeView.swift */,
			);
			name = Views;
			sourceTree = "<group>";
		};
		A4B5AC9C1F6A4F2000115700 /* Sources */ = {
			isa = PBXGroup;
			children = (
				A4B5AC991F6A4EC200115700 /* Models */,
				A4B5AC9D1F6A4F2700115700 /* UI */,
				A4B5ACAB1F6A5F7B00115700 /* API */,
				A4B5ACBB1F6BA06D00115700 /* Extensions */,
			);
			name = Sources;
			sourceTree = "<group>";
		};
		A4B5AC9D1F6A4F2700115700 /* UI */ = {
			isa = PBXGroup;
			children = (
				A4B5ACBC1F6BA1D500115700 /* StationsListView */,
				A4B5AC9E1F6A4F3A00115700 /* HomeView */,
			);
			name = UI;
			sourceTree = "<group>";
		};
		A4B5AC9E1F6A4F3A00115700 /* HomeView */ = {
			isa = PBXGroup;
			children = (
				A4B5AC9A1F6A4ECD00115700 /* ViewModels */,
				A4B5AC9B1F6A4ED800115700 /* Views */,
				A4B5AC981F6A4EAF00115700 /* ViewControllers */,
			);
			name = HomeView;
			sourceTree = "<group>";
		};
		A4B5ACAB1F6A5F7B00115700 /* API */ = {
			isa = PBXGroup;
			children = (
				A4B5ACA91F6A5F3E00115700 /* DataManager.swift */,
			);
			name = API;
			sourceTree = "<group>";
		};
		A4B5ACBB1F6BA06D00115700 /* Extensions */ = {
			isa = PBXGroup;
			children = (
				A4B5ACB91F6BA06100115700 /* String.swift */,
			);
			name = Extensions;
			sourceTree = "<group>";
		};
		A4B5ACBC1F6BA1D500115700 /* StationsListView */ = {
			isa = PBXGroup;
			children = (
				A4B5ACBD1F6BA22D00115700 /* ViewModels */,
				A4B5ACBE1F6BA23700115700 /* ViewControllers */,
			);
			name = StationsListView;
			sourceTree = "<group>";
		};
		A4B5ACBD1F6BA22D00115700 /* ViewModels */ = {
			isa = PBXGroup;
			children = (
				A4B5ACAC1F6A825400115700 /* StationListViewModel.swift */,
				A4B5ACAE1F6A835600115700 /* StationsListViewProtocol.swift */,
			);
			name = ViewModels;
			sourceTree = "<group>";
		};
		A4B5ACBE1F6BA23700115700 /* ViewControllers */ = {
			isa = PBXGroup;
			children = (
				A4B5ACA31F6A56E200115700 /* StationsListViewController.swift */,
			);
			name = ViewControllers;
			sourceTree = "<group>";
		};
		A4FE499F1F69288B0021E96E = {
			isa = PBXGroup;
			children = (
				A4FE49AA1F69288B0021E96E /* MVVMTraining */,
				A4FE49A91F69288B0021E96E /* Products */,
			);
			sourceTree = "<group>";
		};
		A4FE49A91F69288B0021E96E /* Products */ = {
			isa = PBXGroup;
			children = (
				A4FE49A81F69288B0021E96E /* MVVMTraining.app */,
			);
			name = Products;
			sourceTree = "<group>";
		};
		A4FE49AA1F69288B0021E96E /* MVVMTraining */ = {
			isa = PBXGroup;
			children = (
				A4B5AC9C1F6A4F2000115700 /* Sources */,
				A4FE49AB1F69288B0021E96E /* AppDelegate.swift */,
				A4FE49B21F69288B0021E96E /* Assets.xcassets */,
				A4FE49B41F69288B0021E96E /* LaunchScreen.storyboard */,
				A4FE49B71F69288B0021E96E /* Info.plist */,
				A4B5ACB61F6B8D3300115700 /* Localizable.strings */,
			);
			path = MVVMTraining;
			sourceTree = "<group>";
		};
/* End PBXGroup section */

/* Begin PBXNativeTarget section */
		A4FE49A71F69288B0021E96E /* MVVMTraining */ = {
			isa = PBXNativeTarget;
			buildConfigurationList = A4FE49BA1F69288B0021E96E /* Build configuration list for PBXNativeTarget "MVVMTraining" */;
			buildPhases = (
				A4FE49A41F69288B0021E96E /* Sources */,
				A4FE49A51F69288B0021E96E /* Frameworks */,
				A4FE49A61F69288B0021E96E /* Resources */,
			);
			buildRules = (
			);
			dependencies = (
			);
			name = MVVMTraining;
			productName = MVVMTraining;
			productReference = A4FE49A81F69288B0021E96E /* MVVMTraining.app */;
			productType = "com.apple.product-type.application";
		};
/* End PBXNativeTarget section */

/* Begin PBXProject section */
		A4FE49A01F69288B0021E96E /* Project object */ = {
			isa = PBXProject;
			attributes = {
				LastSwiftUpdateCheck = 0820;
				LastUpgradeCheck = 0820;
				ORGANIZATIONNAME = Nerdvana;
				TargetAttributes = {
					A4FE49A71F69288B0021E96E = {
						CreatedOnToolsVersion = 8.2.1;
						DevelopmentTeam = 9B8P2S8SKP;
						ProvisioningStyle = Automatic;
					};
				};
			};
			buildConfigurationList = A4FE49A31F69288B0021E96E /* Build configuration list for PBXProject "MVVMTraining" */;
			compatibilityVersion = "Xcode 3.2";
			developmentRegion = English;
			hasScannedForEncodings = 0;
			knownRegions = (
				en,
				Base,
			);
			mainGroup = A4FE499F1F69288B0021E96E;
			productRefGroup = A4FE49A91F69288B0021E96E /* Products */;
			projectDirPath = "";
			projectRoot = "";
			targets = (
				A4FE49A71F69288B0021E96E /* MVVMTraining */,
			);
		};
/* End PBXProject section */

/* Begin PBXResourcesBuildPhase section */
		A4FE49A61F69288B0021E96E /* Resources */ = {
			isa = PBXResourcesBuildPhase;
			buildActionMask = 2147483647;
			files = (
				A4FE49B61F69288B0021E96E /* LaunchScreen.storyboard in Resources */,
				A4B5ACB41F6B8D3300115700 /* Localizable.strings in Resources */,
				A4FE49B31F69288B0021E96E /* Assets.xcassets in Resources */,
			);
			runOnlyForDeploymentPostprocessing = 0;
		};
/* End PBXResourcesBuildPhase section */

/* Begin PBXSourcesBuildPhase section */
		A4FE49A41F69288B0021E96E /* Sources */ = {
			isa = PBXSourcesBuildPhase;
			buildActionMask = 2147483647;
			files = (
				A4FE49AE1F69288B0021E96E /* ViewController.swift in Sources */,
				A4B5ACAF1F6A835600115700 /* StationsListViewProtocol.swift in Sources */,
				A4B5ACA61F6A5C1300115700 /* Station.swift in Sources */,
				A4FE49C01F692F540021E96E /* HomeView.swift in Sources */,
				A4B5ACBA1F6BA06100115700 /* String.swift in Sources */,
				A4B5ACAD1F6A825400115700 /* StationListViewModel.swift in Sources */,
				A4FE49AC1F69288B0021E96E /* AppDelegate.swift in Sources */,
				A4B5ACA81F6A5D8000115700 /* StationProtocol.swift in Sources */,
				A4FE49C21F6931E00021E96E /* HomeViewModel.swift in Sources */,
				A4B5ACA21F6A538100115700 /* HomeViewProtocol.swift in Sources */,
				A4B5ACA01F6A52CE00115700 /* HomeProtocol.swift in Sources */,
				A4B5ACAA1F6A5F3E00115700 /* DataManager.swift in Sources */,
				A4B5ACA41F6A56E200115700 /* StationsListViewController.swift in Sources */,
				A4FE49BE1F692ABE0021E96E /* Home.swift in Sources */,
			);
			runOnlyForDeploymentPostprocessing = 0;
		};
/* End PBXSourcesBuildPhase section */

/* Begin PBXVariantGroup section */
		A4B5ACB61F6B8D3300115700 /* Localizable.strings */ = {
			isa = PBXVariantGroup;
			children = (
				A4B5ACB51F6B8D3300115700 /* nl */,
				A4B5ACB71F6B8D4100115700 /* Base */,
			);
			name = Localizable.strings;
			sourceTree = "<group>";
		};
		A4FE49B41F69288B0021E96E /* LaunchScreen.storyboard */ = {
			isa = PBXVariantGroup;
			children = (
				A4FE49B51F69288B0021E96E /* Base */,
				A4B5ACB01F6B8BD400115700 /* nl */,
			);
			name = LaunchScreen.storyboard;
			sourceTree = "<group>";
		};
/* End PBXVariantGroup section */

/* Begin XCBuildConfiguration section */
		A4FE49B81F69288B0021E96E /* Debug */ = {
			isa = XCBuildConfiguration;
			buildSettings = {
				ALWAYS_SEARCH_USER_PATHS = NO;
				CLANG_ANALYZER_LOCALIZABILITY_NONLOCALIZED = YES;
				CLANG_ANALYZER_NONNULL = YES;
				CLANG_CXX_LANGUAGE_STANDARD = "gnu++0x";
				CLANG_CXX_LIBRARY = "libc++";
				CLANG_ENABLE_MODULES = YES;
				CLANG_ENABLE_OBJC_ARC = YES;
				CLANG_WARN_BOOL_CONVERSION = YES;
				CLANG_WARN_CONSTANT_CONVERSION = YES;
				CLANG_WARN_DIRECT_OBJC_ISA_USAGE = YES_ERROR;
				CLANG_WARN_DOCUMENTATION_COMMENTS = YES;
				CLANG_WARN_EMPTY_BODY = YES;
				CLANG_WARN_ENUM_CONVERSION = YES;
				CLANG_WARN_INFINITE_RECURSION = YES;
				CLANG_WARN_INT_CONVERSION = YES;
				CLANG_WARN_OBJC_ROOT_CLASS = YES_ERROR;
				CLANG_WARN_SUSPICIOUS_MOVE = YES;
				CLANG_WARN_UNREACHABLE_CODE = YES;
				CLANG_WARN__DUPLICATE_METHOD_MATCH = YES;
				"CODE_SIGN_IDENTITY[sdk=iphoneos*]" = "iPhone Developer";
				COPY_PHASE_STRIP = NO;
				DEBUG_INFORMATION_FORMAT = dwarf;
				ENABLE_STRICT_OBJC_MSGSEND = YES;
				ENABLE_TESTABILITY = YES;
				GCC_C_LANGUAGE_STANDARD = gnu99;
				GCC_DYNAMIC_NO_PIC = NO;
				GCC_NO_COMMON_BLOCKS = YES;
				GCC_OPTIMIZATION_LEVEL = 0;
				GCC_PREPROCESSOR_DEFINITIONS = (
					"DEBUG=1",
					"$(inherited)",
				);
				GCC_WARN_64_TO_32_BIT_CONVERSION = YES;
				GCC_WARN_ABOUT_RETURN_TYPE = YES_ERROR;
				GCC_WARN_UNDECLARED_SELECTOR = YES;
				GCC_WARN_UNINITIALIZED_AUTOS = YES_AGGRESSIVE;
				GCC_WARN_UNUSED_FUNCTION = YES;
				GCC_WARN_UNUSED_VARIABLE = YES;
				IPHONEOS_DEPLOYMENT_TARGET = 10.2;
				MTL_ENABLE_DEBUG_INFO = YES;
				ONLY_ACTIVE_ARCH = YES;
				SDKROOT = iphoneos;
				SWIFT_ACTIVE_COMPILATION_CONDITIONS = DEBUG;
				SWIFT_OPTIMIZATION_LEVEL = "-Onone";
			};
			name = Debug;
		};
		A4FE49B91F69288B0021E96E /* Release */ = {
			isa = XCBuildConfiguration;
			buildSettings = {
				ALWAYS_SEARCH_USER_PATHS = NO;
				CLANG_ANALYZER_LOCALIZABILITY_NONLOCALIZED = YES;
				CLANG_ANALYZER_NONNULL = YES;
				CLANG_CXX_LANGUAGE_STANDARD = "gnu++0x";
				CLANG_CXX_LIBRARY = "libc++";
				CLANG_ENABLE_MODULES = YES;
				CLANG_ENABLE_OBJC_ARC = YES;
				CLANG_WARN_BOOL_CONVERSION = YES;
				CLANG_WARN_CONSTANT_CONVERSION = YES;
				CLANG_WARN_DIRECT_OBJC_ISA_USAGE = YES_ERROR;
				CLANG_WARN_DOCUMENTATION_COMMENTS = YES;
				CLANG_WARN_EMPTY_BODY = YES;
				CLANG_WARN_ENUM_CONVERSION = YES;
				CLANG_WARN_INFINITE_RECURSION = YES;
				CLANG_WARN_INT_CONVERSION = YES;
				CLANG_WARN_OBJC_ROOT_CLASS = YES_ERROR;
				CLANG_WARN_SUSPICIOUS_MOVE = YES;
				CLANG_WARN_UNREACHABLE_CODE = YES;
				CLANG_WARN__DUPLICATE_METHOD_MATCH = YES;
				"CODE_SIGN_IDENTITY[sdk=iphoneos*]" = "iPhone Developer";
				COPY_PHASE_STRIP = NO;
				DEBUG_INFORMATION_FORMAT = "dwarf-with-dsym";
				ENABLE_NS_ASSERTIONS = NO;
				ENABLE_STRICT_OBJC_MSGSEND = YES;
				GCC_C_LANGUAGE_STANDARD = gnu99;
				GCC_NO_COMMON_BLOCKS = YES;
				GCC_WARN_64_TO_32_BIT_CONVERSION = YES;
				GCC_WARN_ABOUT_RETURN_TYPE = YES_ERROR;
				GCC_WARN_UNDECLARED_SELECTOR = YES;
				GCC_WARN_UNINITIALIZED_AUTOS = YES_AGGRESSIVE;
				GCC_WARN_UNUSED_FUNCTION = YES;
				GCC_WARN_UNUSED_VARIABLE = YES;
				IPHONEOS_DEPLOYMENT_TARGET = 10.2;
				MTL_ENABLE_DEBUG_INFO = NO;
				SDKROOT = iphoneos;
				SWIFT_OPTIMIZATION_LEVEL = "-Owholemodule";
				VALIDATE_PRODUCT = YES;
			};
			name = Release;
		};
		A4FE49BB1F69288B0021E96E /* Debug */ = {
			isa = XCBuildConfiguration;
			buildSettings = {
				ASSETCATALOG_COMPILER_APPICON_NAME = AppIcon;
				DEVELOPMENT_TEAM = 9B8P2S8SKP;
				INFOPLIST_FILE = MVVMTraining/Info.plist;
				LD_RUNPATH_SEARCH_PATHS = "$(inherited) @executable_path/Frameworks";
				PRODUCT_BUNDLE_IDENTIFIER = f.astitou.MVVMTraining;
				PRODUCT_NAME = "$(TARGET_NAME)";
				SWIFT_VERSION = 3.0;
			};
			name = Debug;
		};
		A4FE49BC1F69288B0021E96E /* Release */ = {
			isa = XCBuildConfiguration;
			buildSettings = {
				ASSETCATALOG_COMPILER_APPICON_NAME = AppIcon;
				DEVELOPMENT_TEAM = 9B8P2S8SKP;
				INFOPLIST_FILE = MVVMTraining/Info.plist;
				LD_RUNPATH_SEARCH_PATHS = "$(inherited) @executable_path/Frameworks";
				PRODUCT_BUNDLE_IDENTIFIER = f.astitou.MVVMTraining;
				PRODUCT_NAME = "$(TARGET_NAME)";
				SWIFT_VERSION = 3.0;
			};
			name = Release;
		};
/* End XCBuildConfiguration section */

/* Begin XCConfigurationList section */
		A4FE49A31F69288B0021E96E /* Build configuration list for PBXProject "MVVMTraining" */ = {
			isa = XCConfigurationList;
			buildConfigurations = (
				A4FE49B81F69288B0021E96E /* Debug */,
				A4FE49B91F69288B0021E96E /* Release */,
			);
			defaultConfigurationIsVisible = 0;
			defaultConfigurationName = Release;
		};
		A4FE49BA1F69288B0021E96E /* Build configuration list for PBXNativeTarget "MVVMTraining" */ = {
			isa = XCConfigurationList;
			buildConfigurations = (
				A4FE49BB1F69288B0021E96E /* Debug */,
				A4FE49BC1F69288B0021E96E /* Release */,
			);
			defaultConfigurationIsVisible = 0;
			defaultConfigurationName = Release;
		};
/* End XCConfigurationList section */
	};
	rootObject = A4FE49A01F69288B0021E96E /* Project object */;
}
